
Microsoft Visual Studio Solution File, Format Version 12.00
# Visual Studio Version 17
VisualStudioVersion = 17.7.34221.43
MinimumVisualStudioVersion = 10.0.40219.1
Project("{FAE04EC0-301F-11D3-BF4B-00C04F79EFBC}") = "ShapeAreaLib", "ShapeAreaLib\ShapeAreaLib.csproj", "{64BDA53C-BA6E-4157-AFE7-50F5F8E557FB}"
EndProject
Global
	GlobalSection(SolutionConfigurationPlatforms) = preSolution
		Debug|Any CPU = Debug|Any CPU
		Release|Any CPU = Release|Any CPU
	EndGlobalSection
	GlobalSection(ProjectConfigurationPlatforms) = postSolution
		{64BDA53C-BA6E-4157-AFE7-50F5F8E557FB}.Debug|Any CPU.ActiveCfg = Debug|Any CPU
		{64BDA53C-BA6E-4157-AFE7-50F5F8E557FB}.Debug|Any CPU.Build.0 = Debug|Any CPU
		{64BDA53C-BA6E-4157-AFE7-50F5F8E557FB}.Release|Any CPU.ActiveCfg = Release|Any CPU
		{64BDA53C-BA6E-4157-AFE7-50F5F8E557FB}.Release|Any CPU.Build.0 = Release|Any CPU
	EndGlobalSection
	GlobalSection(SolutionProperties) = preSolution
		HideSolutionNode = FALSE
	EndGlobalSection
	GlobalSection(ExtensibilityGlobals) = postSolution
		SolutionGuid = {0B161B64-F27F-4E7F-A6A1-E947DF22866C}
	EndGlobalSection
EndGlobal
